
Microsoft Visual Studio Solution File, Format Version 12.00
# Visual Studio Version 16
VisualStudioVersion = 16.0.30114.105
MinimumVisualStudioVersion = 10.0.40219.1
Project("{FAE04EC0-301F-11D3-BF4B-00C04F79EFBC}") = "Calc v1.1", "Calc v1.1.csproj", "{99B693ED-137A-4A11-97D1-F738DB2F211C}"
EndProject
Global
	GlobalSection(SolutionConfigurationPlatforms) = preSolution
		Debug|Any CPU = Debug|Any CPU
		Release|Any CPU = Release|Any CPU
	EndGlobalSection
	GlobalSection(ProjectConfigurationPlatforms) = postSolution
		{99B693ED-137A-4A11-97D1-F738DB2F211C}.Debug|Any CPU.ActiveCfg = Debug|Any CPU
		{99B693ED-137A-4A11-97D1-F738DB2F211C}.Debug|Any CPU.Build.0 = Debug|Any CPU
		{99B693ED-137A-4A11-97D1-F738DB2F211C}.Release|Any CPU.ActiveCfg = Release|Any CPU
		{99B693ED-137A-4A11-97D1-F738DB2F211C}.Release|Any CPU.Build.0 = Release|Any CPU
	EndGlobalSection
	GlobalSection(SolutionProperties) = preSolution
		HideSolutionNode = FALSE
	EndGlobalSection
	GlobalSection(ExtensibilityGlobals) = postSolution
		SolutionGuid = {1C1004E3-2D94-47A5-AFB9-3D79612E9803}
	EndGlobalSection
EndGlobal
