
Microsoft Visual Studio Solution File, Format Version 12.00
# Visual Studio Version 16
VisualStudioVersion = 16.0.30413.136
MinimumVisualStudioVersion = 10.0.40219.1
Project("{FAE04EC0-301F-11D3-BF4B-00C04F79EFBC}") = "2048", "2048.csproj", "{C8DFF4AD-3121-44F9-8579-24C1B28B5811}"
EndProject
Global
	GlobalSection(SolutionConfigurationPlatforms) = preSolution
		Debug|Any CPU = Debug|Any CPU
		Release|Any CPU = Release|Any CPU
	EndGlobalSection
	GlobalSection(ProjectConfigurationPlatforms) = postSolution
		{C8DFF4AD-3121-44F9-8579-24C1B28B5811}.Debug|Any CPU.ActiveCfg = Debug|Any CPU
		{C8DFF4AD-3121-44F9-8579-24C1B28B5811}.Debug|Any CPU.Build.0 = Debug|Any CPU
		{C8DFF4AD-3121-44F9-8579-24C1B28B5811}.Release|Any CPU.ActiveCfg = Release|Any CPU
		{C8DFF4AD-3121-44F9-8579-24C1B28B5811}.Release|Any CPU.Build.0 = Release|Any CPU
	EndGlobalSection
	GlobalSection(SolutionProperties) = preSolution
		HideSolutionNode = FALSE
	EndGlobalSection
	GlobalSection(ExtensibilityGlobals) = postSolution
		SolutionGuid = {49492AA5-6248-4616-95E0-C498D2934176}
	EndGlobalSection
EndGlobal
